
Microsoft Visual Studio Solution File, Format Version 12.00
# Visual Studio Version 17
VisualStudioVersion = 17.0.31903.59
MinimumVisualStudioVersion = 10.0.40219.1
Project("{9A19103F-16F7-4668-BE54-9A1E7A4F7556}") = "PatientService", "src\PatientService\PatientService.csproj", "{61A15AD1-0C19-4FAB-9988-61A5A9B07483}"
EndProject
Project("{2150E333-8FDC-42A3-9474-1A3956D46DE8}") = "src", "src", "{E1E07152-21DA-4B28-BD29-ACAD64B5DAF3}"
EndProject
Project("{2150E333-8FDC-42A3-9474-1A3956D46DE8}") = "Domain", "Domain", "{945BC4BD-229D-43B1-8031-7FF45BCCC8DC}"
EndProject
Project("{2150E333-8FDC-42A3-9474-1A3956D46DE8}") = "DataAccess", "DataAccess", "{C865EC1D-ED6B-477B-9F3D-26C4858D555C}"
EndProject
Project("{9A19103F-16F7-4668-BE54-9A1E7A4F7556}") = "Patient.Domain", "Patient.Domain\Patient.Domain.csproj", "{F7D61CB6-4A80-4FD7-8838-6F42A8A3E997}"
EndProject
Project("{9A19103F-16F7-4668-BE54-9A1E7A4F7556}") = "Patient.DomainModels", "src\Patient.DomainModels\Patient.DomainModels.csproj", "{BAA90F3C-9876-4A30-B2AD-A8FBDEBB5B6F}"
EndProject
Project("{9A19103F-16F7-4668-BE54-9A1E7A4F7556}") = "DbDataAccess", "DbDataAcess\DbDataAccess.csproj", "{A818F1C0-ADCB-49DC-AE0C-41063AD5E2DB}"
EndProject
Project("{2150E333-8FDC-42A3-9474-1A3956D46DE8}") = "Solution Items", "Solution Items", "{9986E058-13C3-4F9D-A321-18262F3D9BDC}"
	ProjectSection(SolutionItems) = preProject
		docker-compose.yml = docker-compose.yml
		Dockerfile = Dockerfile
	EndProjectSection
EndProject
Project("{2150E333-8FDC-42A3-9474-1A3956D46DE8}") = "my-init-scripts", "my-init-scripts", "{3E87348B-691B-43E0-AF78-8ACBFA8BE783}"
	ProjectSection(SolutionItems) = preProject
		my-init-scripts\init.sql = my-init-scripts\init.sql
	EndProjectSection
EndProject
Global
	GlobalSection(SolutionConfigurationPlatforms) = preSolution
		Debug|Any CPU = Debug|Any CPU
		Release|Any CPU = Release|Any CPU
	EndGlobalSection
	GlobalSection(ProjectConfigurationPlatforms) = postSolution
		{61A15AD1-0C19-4FAB-9988-61A5A9B07483}.Debug|Any CPU.ActiveCfg = Debug|Any CPU
		{61A15AD1-0C19-4FAB-9988-61A5A9B07483}.Debug|Any CPU.Build.0 = Debug|Any CPU
		{61A15AD1-0C19-4FAB-9988-61A5A9B07483}.Release|Any CPU.ActiveCfg = Release|Any CPU
		{61A15AD1-0C19-4FAB-9988-61A5A9B07483}.Release|Any CPU.Build.0 = Release|Any CPU
		{F7D61CB6-4A80-4FD7-8838-6F42A8A3E997}.Debug|Any CPU.ActiveCfg = Debug|Any CPU
		{F7D61CB6-4A80-4FD7-8838-6F42A8A3E997}.Debug|Any CPU.Build.0 = Debug|Any CPU
		{F7D61CB6-4A80-4FD7-8838-6F42A8A3E997}.Release|Any CPU.ActiveCfg = Release|Any CPU
		{F7D61CB6-4A80-4FD7-8838-6F42A8A3E997}.Release|Any CPU.Build.0 = Release|Any CPU
		{BAA90F3C-9876-4A30-B2AD-A8FBDEBB5B6F}.Debug|Any CPU.ActiveCfg = Debug|Any CPU
		{BAA90F3C-9876-4A30-B2AD-A8FBDEBB5B6F}.Debug|Any CPU.Build.0 = Debug|Any CPU
		{BAA90F3C-9876-4A30-B2AD-A8FBDEBB5B6F}.Release|Any CPU.ActiveCfg = Release|Any CPU
		{BAA90F3C-9876-4A30-B2AD-A8FBDEBB5B6F}.Release|Any CPU.Build.0 = Release|Any CPU
		{A818F1C0-ADCB-49DC-AE0C-41063AD5E2DB}.Debug|Any CPU.ActiveCfg = Debug|Any CPU
		{A818F1C0-ADCB-49DC-AE0C-41063AD5E2DB}.Debug|Any CPU.Build.0 = Debug|Any CPU
		{A818F1C0-ADCB-49DC-AE0C-41063AD5E2DB}.Release|Any CPU.ActiveCfg = Release|Any CPU
		{A818F1C0-ADCB-49DC-AE0C-41063AD5E2DB}.Release|Any CPU.Build.0 = Release|Any CPU
	EndGlobalSection
	GlobalSection(SolutionProperties) = preSolution
		HideSolutionNode = FALSE
	EndGlobalSection
	GlobalSection(NestedProjects) = preSolution
		{61A15AD1-0C19-4FAB-9988-61A5A9B07483} = {E1E07152-21DA-4B28-BD29-ACAD64B5DAF3}
		{945BC4BD-229D-43B1-8031-7FF45BCCC8DC} = {E1E07152-21DA-4B28-BD29-ACAD64B5DAF3}
		{C865EC1D-ED6B-477B-9F3D-26C4858D555C} = {E1E07152-21DA-4B28-BD29-ACAD64B5DAF3}
		{F7D61CB6-4A80-4FD7-8838-6F42A8A3E997} = {945BC4BD-229D-43B1-8031-7FF45BCCC8DC}
		{BAA90F3C-9876-4A30-B2AD-A8FBDEBB5B6F} = {945BC4BD-229D-43B1-8031-7FF45BCCC8DC}
		{A818F1C0-ADCB-49DC-AE0C-41063AD5E2DB} = {C865EC1D-ED6B-477B-9F3D-26C4858D555C}
	EndGlobalSection
	GlobalSection(ExtensibilityGlobals) = postSolution
		SolutionGuid = {7D34D4F1-0BF6-4D18-A537-9C8AF6F15A06}
	EndGlobalSection
EndGlobal
